
Microsoft Visual Studio Solution File, Format Version 12.00
# Visual Studio Version 17
VisualStudioVersion = 17.14.37111.16 d17.14
MinimumVisualStudioVersion = 10.0.40219.1
Project("{FAE04EC0-301F-11D3-BF4B-00C04F79EFBC}") = "RegExamMovieCatalog", "RegExamMovieCatalog\RegExamMovieCatalog.csproj", "{D44D5EC8-DF7A-445F-9068-E7B97454E8E2}"
EndProject
Global
	GlobalSection(SolutionConfigurationPlatforms) = preSolution
		Debug|Any CPU = Debug|Any CPU
		Release|Any CPU = Release|Any CPU
	EndGlobalSection
	GlobalSection(ProjectConfigurationPlatforms) = postSolution
		{D44D5EC8-DF7A-445F-9068-E7B97454E8E2}.Debug|Any CPU.ActiveCfg = Debug|Any CPU
		{D44D5EC8-DF7A-445F-9068-E7B97454E8E2}.Debug|Any CPU.Build.0 = Debug|Any CPU
		{D44D5EC8-DF7A-445F-9068-E7B97454E8E2}.Release|Any CPU.ActiveCfg = Release|Any CPU
		{D44D5EC8-DF7A-445F-9068-E7B97454E8E2}.Release|Any CPU.Build.0 = Release|Any CPU
	EndGlobalSection
	GlobalSection(SolutionProperties) = preSolution
		HideSolutionNode = FALSE
	EndGlobalSection
	GlobalSection(ExtensibilityGlobals) = postSolution
		SolutionGuid = {B50F196E-B665-4CD5-BDD4-B39F7D3DD03F}
	EndGlobalSection
EndGlobal
